
Microsoft Visual Studio Solution File, Format Version 12.00
# Visual Studio Version 16
VisualStudioVersion = 16.0.29911.84
MinimumVisualStudioVersion = 10.0.40219.1
Project("{9A19103F-16F7-4668-BE54-9A1E7A4F7556}") = "iQueue", "iQueue\iQueue.csproj", "{5B4F1A84-E551-4AAE-9476-C11AC3F68348}"
EndProject
Project("{9A19103F-16F7-4668-BE54-9A1E7A4F7556}") = "iProducer", "iProducer\iProducer.csproj", "{65D369D4-CF54-4008-957F-891800E272C1}"
EndProject
Project("{9A19103F-16F7-4668-BE54-9A1E7A4F7556}") = "iConsumer", "iConsumer\iConsumer.csproj", "{8B3A7B7C-AAFB-41BA-87C2-390D38202E0F}"
EndProject
Project("{9A19103F-16F7-4668-BE54-9A1E7A4F7556}") = "iUtility", "iUtility\iUtility.csproj", "{873D2DB5-11F0-449D-A527-35BC5789A197}"
EndProject
Project("{9A19103F-16F7-4668-BE54-9A1E7A4F7556}") = "iModel", "iModel\iModel.csproj", "{2AA54076-0719-4292-8F11-674EB95DD11B}"
EndProject
Project("{E53339B2-1760-4266-BCC7-CA923CBCF16C}") = "docker-compose", "docker-compose.dcproj", "{2EC4B5DC-F893-4891-A22D-5C4C4E673304}"
EndProject
Project("{9A19103F-16F7-4668-BE54-9A1E7A4F7556}") = "iHealthCheck", "..\iHealthCheck\iHealthCheck.csproj", "{5D8AA2E5-9FF7-4F0F-880F-2F6D6F2553F6}"
EndProject
Project("{9A19103F-16F7-4668-BE54-9A1E7A4F7556}") = "iPreConsumer", "iPreConsumer\iPreConsumer.csproj", "{0323F65D-E9F0-4079-AB16-F4C935956994}"
EndProject
Project("{9A19103F-16F7-4668-BE54-9A1E7A4F7556}") = "iPreProducer", "iPreProducer\iPreProducer.csproj", "{C7BBADD2-7F5E-4C05-AD56-D291037EDEFA}"
EndProject
Project("{FAE04EC0-301F-11D3-BF4B-00C04F79EFBC}") = "iQueue.ByteSerializer", "..\iQueue.ByteSerializer\iQueue.ByteSerializer.csproj", "{796AF2F0-3059-4C4C-BE26-8787AE1E5422}"
EndProject
Global
	GlobalSection(SolutionConfigurationPlatforms) = preSolution
		Debug|Any CPU = Debug|Any CPU
		Release|Any CPU = Release|Any CPU
	EndGlobalSection
	GlobalSection(ProjectConfigurationPlatforms) = postSolution
		{5B4F1A84-E551-4AAE-9476-C11AC3F68348}.Debug|Any CPU.ActiveCfg = Debug|Any CPU
		{5B4F1A84-E551-4AAE-9476-C11AC3F68348}.Debug|Any CPU.Build.0 = Debug|Any CPU
		{5B4F1A84-E551-4AAE-9476-C11AC3F68348}.Release|Any CPU.ActiveCfg = Release|Any CPU
		{5B4F1A84-E551-4AAE-9476-C11AC3F68348}.Release|Any CPU.Build.0 = Release|Any CPU
		{65D369D4-CF54-4008-957F-891800E272C1}.Debug|Any CPU.ActiveCfg = Debug|Any CPU
		{65D369D4-CF54-4008-957F-891800E272C1}.Debug|Any CPU.Build.0 = Debug|Any CPU
		{65D369D4-CF54-4008-957F-891800E272C1}.Release|Any CPU.ActiveCfg = Release|Any CPU
		{65D369D4-CF54-4008-957F-891800E272C1}.Release|Any CPU.Build.0 = Release|Any CPU
		{8B3A7B7C-AAFB-41BA-87C2-390D38202E0F}.Debug|Any CPU.ActiveCfg = Debug|Any CPU
		{8B3A7B7C-AAFB-41BA-87C2-390D38202E0F}.Debug|Any CPU.Build.0 = Debug|Any CPU
		{8B3A7B7C-AAFB-41BA-87C2-390D38202E0F}.Release|Any CPU.ActiveCfg = Release|Any CPU
		{8B3A7B7C-AAFB-41BA-87C2-390D38202E0F}.Release|Any CPU.Build.0 = Release|Any CPU
		{873D2DB5-11F0-449D-A527-35BC5789A197}.Debug|Any CPU.ActiveCfg = Debug|Any CPU
		{873D2DB5-11F0-449D-A527-35BC5789A197}.Debug|Any CPU.Build.0 = Debug|Any CPU
		{873D2DB5-11F0-449D-A527-35BC5789A197}.Release|Any CPU.ActiveCfg = Release|Any CPU
		{873D2DB5-11F0-449D-A527-35BC5789A197}.Release|Any CPU.Build.0 = Release|Any CPU
		{2AA54076-0719-4292-8F11-674EB95DD11B}.Debug|Any CPU.ActiveCfg = Debug|Any CPU
		{2AA54076-0719-4292-8F11-674EB95DD11B}.Debug|Any CPU.Build.0 = Debug|Any CPU
		{2AA54076-0719-4292-8F11-674EB95DD11B}.Release|Any CPU.ActiveCfg = Release|Any CPU
		{2AA54076-0719-4292-8F11-674EB95DD11B}.Release|Any CPU.Build.0 = Release|Any CPU
		{2EC4B5DC-F893-4891-A22D-5C4C4E673304}.Debug|Any CPU.ActiveCfg = Debug|Any CPU
		{2EC4B5DC-F893-4891-A22D-5C4C4E673304}.Debug|Any CPU.Build.0 = Debug|Any CPU
		{2EC4B5DC-F893-4891-A22D-5C4C4E673304}.Release|Any CPU.ActiveCfg = Release|Any CPU
		{2EC4B5DC-F893-4891-A22D-5C4C4E673304}.Release|Any CPU.Build.0 = Release|Any CPU
		{5D8AA2E5-9FF7-4F0F-880F-2F6D6F2553F6}.Debug|Any CPU.ActiveCfg = Debug|Any CPU
		{5D8AA2E5-9FF7-4F0F-880F-2F6D6F2553F6}.Debug|Any CPU.Build.0 = Debug|Any CPU
		{5D8AA2E5-9FF7-4F0F-880F-2F6D6F2553F6}.Release|Any CPU.ActiveCfg = Release|Any CPU
		{5D8AA2E5-9FF7-4F0F-880F-2F6D6F2553F6}.Release|Any CPU.Build.0 = Release|Any CPU
		{0323F65D-E9F0-4079-AB16-F4C935956994}.Debug|Any CPU.ActiveCfg = Debug|Any CPU
		{0323F65D-E9F0-4079-AB16-F4C935956994}.Debug|Any CPU.Build.0 = Debug|Any CPU
		{0323F65D-E9F0-4079-AB16-F4C935956994}.Release|Any CPU.ActiveCfg = Release|Any CPU
		{0323F65D-E9F0-4079-AB16-F4C935956994}.Release|Any CPU.Build.0 = Release|Any CPU
		{C7BBADD2-7F5E-4C05-AD56-D291037EDEFA}.Debug|Any CPU.ActiveCfg = Debug|Any CPU
		{C7BBADD2-7F5E-4C05-AD56-D291037EDEFA}.Debug|Any CPU.Build.0 = Debug|Any CPU
		{C7BBADD2-7F5E-4C05-AD56-D291037EDEFA}.Release|Any CPU.ActiveCfg = Release|Any CPU
		{C7BBADD2-7F5E-4C05-AD56-D291037EDEFA}.Release|Any CPU.Build.0 = Release|Any CPU
		{796AF2F0-3059-4C4C-BE26-8787AE1E5422}.Debug|Any CPU.ActiveCfg = Debug|Any CPU
		{796AF2F0-3059-4C4C-BE26-8787AE1E5422}.Debug|Any CPU.Build.0 = Debug|Any CPU
		{796AF2F0-3059-4C4C-BE26-8787AE1E5422}.Release|Any CPU.ActiveCfg = Release|Any CPU
		{796AF2F0-3059-4C4C-BE26-8787AE1E5422}.Release|Any CPU.Build.0 = Release|Any CPU
	EndGlobalSection
	GlobalSection(SolutionProperties) = preSolution
		HideSolutionNode = FALSE
	EndGlobalSection
	GlobalSection(ExtensibilityGlobals) = postSolution
		SolutionGuid = {FF4CFFCF-9201-41BE-8339-387A3FB1C488}
	EndGlobalSection
EndGlobal
